
Microsoft Visual Studio Solution File, Format Version 12.00
# Visual Studio 14
VisualStudioVersion = 14.0.25420.1
MinimumVisualStudioVersion = 10.0.40219.1
Project("{FAE04EC0-301F-11D3-BF4B-00C04F79EFBC}") = "TestUWP", "TestUWP\TestUWP.csproj", "{23DAA569-960D-4A87-B8F7-F365A6B6631F}"
EndProject
Project("{FAE04EC0-301F-11D3-BF4B-00C04F79EFBC}") = "TestUWP.Common", "TestUWP.Common\TestUWP.Common.csproj", "{F66B6817-57BE-4FD5-9B60-1662153AE9FA}"
EndProject
Project("{FAE04EC0-301F-11D3-BF4B-00C04F79EFBC}") = "TestUWP.SampleModule", "TestUWP.SampleModule\TestUWP.SampleModule.csproj", "{BD7F311A-3B5D-4A97-AD60-C3F5F1AC8E6E}"
EndProject
Project("{FAE04EC0-301F-11D3-BF4B-00C04F79EFBC}") = "TestUWP.SampleGroup", "TestUWP.SampleGroup\TestUWP.SampleGroup.csproj", "{C989A63C-7E13-4440-BA44-1F45ED219816}"
EndProject
Project("{2150E333-8FDC-42A3-9474-1A3956D46DE8}") = "SampleGroupModules", "SampleGroupModules", "{DDF8910E-9220-414A-BE23-59F06A4975DE}"
EndProject
Global
	GlobalSection(SolutionConfigurationPlatforms) = preSolution
		Debug|Any CPU = Debug|Any CPU
		Debug|ARM = Debug|ARM
		Debug|x64 = Debug|x64
		Debug|x86 = Debug|x86
		Release|Any CPU = Release|Any CPU
		Release|ARM = Release|ARM
		Release|x64 = Release|x64
		Release|x86 = Release|x86
	EndGlobalSection
	GlobalSection(ProjectConfigurationPlatforms) = postSolution
		{23DAA569-960D-4A87-B8F7-F365A6B6631F}.Debug|Any CPU.ActiveCfg = Debug|x86
		{23DAA569-960D-4A87-B8F7-F365A6B6631F}.Debug|ARM.ActiveCfg = Debug|ARM
		{23DAA569-960D-4A87-B8F7-F365A6B6631F}.Debug|ARM.Build.0 = Debug|ARM
		{23DAA569-960D-4A87-B8F7-F365A6B6631F}.Debug|ARM.Deploy.0 = Debug|ARM
		{23DAA569-960D-4A87-B8F7-F365A6B6631F}.Debug|x64.ActiveCfg = Debug|x64
		{23DAA569-960D-4A87-B8F7-F365A6B6631F}.Debug|x64.Build.0 = Debug|x64
		{23DAA569-960D-4A87-B8F7-F365A6B6631F}.Debug|x64.Deploy.0 = Debug|x64
		{23DAA569-960D-4A87-B8F7-F365A6B6631F}.Debug|x86.ActiveCfg = Debug|x86
		{23DAA569-960D-4A87-B8F7-F365A6B6631F}.Debug|x86.Build.0 = Debug|x86
		{23DAA569-960D-4A87-B8F7-F365A6B6631F}.Debug|x86.Deploy.0 = Debug|x86
		{23DAA569-960D-4A87-B8F7-F365A6B6631F}.Release|Any CPU.ActiveCfg = Release|x86
		{23DAA569-960D-4A87-B8F7-F365A6B6631F}.Release|ARM.ActiveCfg = Release|ARM
		{23DAA569-960D-4A87-B8F7-F365A6B6631F}.Release|ARM.Build.0 = Release|ARM
		{23DAA569-960D-4A87-B8F7-F365A6B6631F}.Release|ARM.Deploy.0 = Release|ARM
		{23DAA569-960D-4A87-B8F7-F365A6B6631F}.Release|x64.ActiveCfg = Release|x64
		{23DAA569-960D-4A87-B8F7-F365A6B6631F}.Release|x64.Build.0 = Release|x64
		{23DAA569-960D-4A87-B8F7-F365A6B6631F}.Release|x64.Deploy.0 = Release|x64
		{23DAA569-960D-4A87-B8F7-F365A6B6631F}.Release|x86.ActiveCfg = Release|x86
		{23DAA569-960D-4A87-B8F7-F365A6B6631F}.Release|x86.Build.0 = Release|x86
		{23DAA569-960D-4A87-B8F7-F365A6B6631F}.Release|x86.Deploy.0 = Release|x86
		{F66B6817-57BE-4FD5-9B60-1662153AE9FA}.Debug|Any CPU.ActiveCfg = Debug|Any CPU
		{F66B6817-57BE-4FD5-9B60-1662153AE9FA}.Debug|Any CPU.Build.0 = Debug|Any CPU
		{F66B6817-57BE-4FD5-9B60-1662153AE9FA}.Debug|ARM.ActiveCfg = Debug|ARM
		{F66B6817-57BE-4FD5-9B60-1662153AE9FA}.Debug|ARM.Build.0 = Debug|ARM
		{F66B6817-57BE-4FD5-9B60-1662153AE9FA}.Debug|x64.ActiveCfg = Debug|x64
		{F66B6817-57BE-4FD5-9B60-1662153AE9FA}.Debug|x64.Build.0 = Debug|x64
		{F66B6817-57BE-4FD5-9B60-1662153AE9FA}.Debug|x86.ActiveCfg = Debug|x86
		{F66B6817-57BE-4FD5-9B60-1662153AE9FA}.Debug|x86.Build.0 = Debug|x86
		{F66B6817-57BE-4FD5-9B60-1662153AE9FA}.Release|Any CPU.ActiveCfg = Release|Any CPU
		{F66B6817-57BE-4FD5-9B60-1662153AE9FA}.Release|Any CPU.Build.0 = Release|Any CPU
		{F66B6817-57BE-4FD5-9B60-1662153AE9FA}.Release|ARM.ActiveCfg = Release|ARM
		{F66B6817-57BE-4FD5-9B60-1662153AE9FA}.Release|ARM.Build.0 = Release|ARM
		{F66B6817-57BE-4FD5-9B60-1662153AE9FA}.Release|x64.ActiveCfg = Release|x64
		{F66B6817-57BE-4FD5-9B60-1662153AE9FA}.Release|x64.Build.0 = Release|x64
		{F66B6817-57BE-4FD5-9B60-1662153AE9FA}.Release|x86.ActiveCfg = Release|x86
		{F66B6817-57BE-4FD5-9B60-1662153AE9FA}.Release|x86.Build.0 = Release|x86
		{BD7F311A-3B5D-4A97-AD60-C3F5F1AC8E6E}.Debug|Any CPU.ActiveCfg = Debug|Any CPU
		{BD7F311A-3B5D-4A97-AD60-C3F5F1AC8E6E}.Debug|Any CPU.Build.0 = Debug|Any CPU
		{BD7F311A-3B5D-4A97-AD60-C3F5F1AC8E6E}.Debug|ARM.ActiveCfg = Debug|ARM
		{BD7F311A-3B5D-4A97-AD60-C3F5F1AC8E6E}.Debug|ARM.Build.0 = Debug|ARM
		{BD7F311A-3B5D-4A97-AD60-C3F5F1AC8E6E}.Debug|x64.ActiveCfg = Debug|x64
		{BD7F311A-3B5D-4A97-AD60-C3F5F1AC8E6E}.Debug|x64.Build.0 = Debug|x64
		{BD7F311A-3B5D-4A97-AD60-C3F5F1AC8E6E}.Debug|x86.ActiveCfg = Debug|x86
		{BD7F311A-3B5D-4A97-AD60-C3F5F1AC8E6E}.Debug|x86.Build.0 = Debug|x86
		{BD7F311A-3B5D-4A97-AD60-C3F5F1AC8E6E}.Release|Any CPU.ActiveCfg = Release|Any CPU
		{BD7F311A-3B5D-4A97-AD60-C3F5F1AC8E6E}.Release|Any CPU.Build.0 = Release|Any CPU
		{BD7F311A-3B5D-4A97-AD60-C3F5F1AC8E6E}.Release|ARM.ActiveCfg = Release|ARM
		{BD7F311A-3B5D-4A97-AD60-C3F5F1AC8E6E}.Release|ARM.Build.0 = Release|ARM
		{BD7F311A-3B5D-4A97-AD60-C3F5F1AC8E6E}.Release|x64.ActiveCfg = Release|x64
		{BD7F311A-3B5D-4A97-AD60-C3F5F1AC8E6E}.Release|x64.Build.0 = Release|x64
		{BD7F311A-3B5D-4A97-AD60-C3F5F1AC8E6E}.Release|x86.ActiveCfg = Release|x86
		{BD7F311A-3B5D-4A97-AD60-C3F5F1AC8E6E}.Release|x86.Build.0 = Release|x86
		{C989A63C-7E13-4440-BA44-1F45ED219816}.Debug|Any CPU.ActiveCfg = Debug|Any CPU
		{C989A63C-7E13-4440-BA44-1F45ED219816}.Debug|Any CPU.Build.0 = Debug|Any CPU
		{C989A63C-7E13-4440-BA44-1F45ED219816}.Debug|ARM.ActiveCfg = Debug|ARM
		{C989A63C-7E13-4440-BA44-1F45ED219816}.Debug|ARM.Build.0 = Debug|ARM
		{C989A63C-7E13-4440-BA44-1F45ED219816}.Debug|x64.ActiveCfg = Debug|x64
		{C989A63C-7E13-4440-BA44-1F45ED219816}.Debug|x64.Build.0 = Debug|x64
		{C989A63C-7E13-4440-BA44-1F45ED219816}.Debug|x86.ActiveCfg = Debug|x86
		{C989A63C-7E13-4440-BA44-1F45ED219816}.Debug|x86.Build.0 = Debug|x86
		{C989A63C-7E13-4440-BA44-1F45ED219816}.Release|Any CPU.ActiveCfg = Release|Any CPU
		{C989A63C-7E13-4440-BA44-1F45ED219816}.Release|Any CPU.Build.0 = Release|Any CPU
		{C989A63C-7E13-4440-BA44-1F45ED219816}.Release|ARM.ActiveCfg = Release|ARM
		{C989A63C-7E13-4440-BA44-1F45ED219816}.Release|ARM.Build.0 = Release|ARM
		{C989A63C-7E13-4440-BA44-1F45ED219816}.Release|x64.ActiveCfg = Release|x64
		{C989A63C-7E13-4440-BA44-1F45ED219816}.Release|x64.Build.0 = Release|x64
		{C989A63C-7E13-4440-BA44-1F45ED219816}.Release|x86.ActiveCfg = Release|x86
		{C989A63C-7E13-4440-BA44-1F45ED219816}.Release|x86.Build.0 = Release|x86
	EndGlobalSection
	GlobalSection(SolutionProperties) = preSolution
		HideSolutionNode = FALSE
	EndGlobalSection
	GlobalSection(NestedProjects) = preSolution
		{BD7F311A-3B5D-4A97-AD60-C3F5F1AC8E6E} = {DDF8910E-9220-414A-BE23-59F06A4975DE}
	EndGlobalSection
EndGlobal
